
Microsoft Visual Studio Solution File, Format Version 12.00
# Visual Studio Version 17
VisualStudioVersion = 17.10.35122.118
MinimumVisualStudioVersion = 10.0.40219.1
Project("{FAE04EC0-301F-11D3-BF4B-00C04F79EFBC}") = "ElibraryManagement", "ElibraryManagement\ElibraryManagement.csproj", "{A9A1F748-6F13-478F-8B9F-07FE53A95B0A}"
EndProject
Global
	GlobalSection(SolutionConfigurationPlatforms) = preSolution
		Debug|Any CPU = Debug|Any CPU
		Release|Any CPU = Release|Any CPU
	EndGlobalSection
	GlobalSection(ProjectConfigurationPlatforms) = postSolution
		{A9A1F748-6F13-478F-8B9F-07FE53A95B0A}.Debug|Any CPU.ActiveCfg = Debug|Any CPU
		{A9A1F748-6F13-478F-8B9F-07FE53A95B0A}.Debug|Any CPU.Build.0 = Debug|Any CPU
		{A9A1F748-6F13-478F-8B9F-07FE53A95B0A}.Release|Any CPU.ActiveCfg = Release|Any CPU
		{A9A1F748-6F13-478F-8B9F-07FE53A95B0A}.Release|Any CPU.Build.0 = Release|Any CPU
	EndGlobalSection
	GlobalSection(SolutionProperties) = preSolution
		HideSolutionNode = FALSE
	EndGlobalSection
	GlobalSection(ExtensibilityGlobals) = postSolution
		SolutionGuid = {20163B10-AB26-4918-B009-E4FD97BA3613}
	EndGlobalSection
EndGlobal
